// !$*UTF8*$!
{
	archiveVersion = 1;
	classes = {
	};
	objectVersion = 46;
	objects = {

/* Begin PBXBuildFile section */
		D7C760C11E6E8CF80099421C /* main.m in Sources */ = {isa = PBXBuildFile; fileRef = D7C760C01E6E8CF80099421C /* main.m */; };
		D7C760C41E6E8CF80099421C /* AppDelegate.m in Sources */ = {isa = PBXBuildFile; fileRef = D7C760C31E6E8CF80099421C /* AppDelegate.m */; };
		D7C760C71E6E8CF80099421C /* ViewController.m in Sources */ = {isa = PBXBuildFile; fileRef = D7C760C61E6E8CF80099421C /* ViewController.m */; };
		D7C760CA1E6E8CF80099421C /* Main.storyboard in Resources */ = {isa = PBXBuildFile; fileRef = D7C760C81E6E8CF80099421C /* Main.storyboard */; };
		D7C760CC1E6E8CF80099421C /* Assets.xcassets in Resources */ = {isa = PBXBuildFile; fileRef = D7C760CB1E6E8CF80099421C /* Assets.xcassets */; };
		D7C760CF1E6E8CF80099421C /* LaunchScreen.storyboard in Resources */ = {isa = PBXBuildFile; fileRef = D7C760CD1E6E8CF80099421C /* LaunchScreen.storyboard */; };
/* End PBXBuildFile section */

/* Begin PBXFileReference section */
		D7C760BC1E6E8CF80099421C /* SchoolCollection.app */ = {isa = PBXFileReference; explicitFileType = wrapper.application; includeInIndex = 0; path = SchoolCollection.app; sourceTree = BUILT_PRODUCTS_DIR; };
		D7C760C01E6E8CF80099421C /* main.m */ = {isa = PBXFileReference; lastKnownFileType = sourcecode.c.objc; path = main.m; sourceTree = "<group>"; };
		D7C760C21E6E8CF80099421C /* AppDelegate.h */ = {isa = PBXFileReference; lastKnownFileType = sourcecode.c.h; path = AppDelegate.h; sourceTree = "<group>"; };
		D7C760C31E6E8CF80099421C /* AppDelegate.m */ = {isa = PBXFileReference; lastKnownFileType = sourcecode.c.objc; path = AppDelegate.m; sourceTree = "<group>"; };
		D7C760C51E6E8CF80099421C /* ViewController.h */ = {isa = PBXFileReference; lastKnownFileType = sourcecode.c.h; path = ViewController.h; sourceTree = "<group>"; };
		D7C760C61E6E8CF80099421C /* ViewController.m */ = {isa = PBXFileReference; lastKnownFileType = sourcecode.c.objc; path = ViewController.m; sourceTree = "<group>"; };
		D7C760C91E6E8CF80099421C /* Base */ = {isa = PBXFileReference; lastKnownFileType = file.storyboard; name = Base; path = Base.lproj/Main.storyboard; sourceTree = "<group>"; };
		D7C760CB1E6E8CF80099421C /* Assets.xcassets */ = {isa = PBXFileReference; lastKnownFileType = folder.assetcatalog; path = Assets.xcassets; sourceTree = "<group>"; };
		D7C760CE1E6E8CF80099421C /* Base */ = {isa = PBXFileReference; lastKnownFileType = file.storyboard; name = Base; path = Base.lproj/LaunchScreen.storyboard; sourceTree = "<group>"; };
		D7C760D01E6E8CF80099421C /* Info.plist */ = {isa = PBXFileReference; lastKnownFileType = text.plist.xml; path = Info.plist; sourceTree = "<group>"; };
/* End PBXFileReference section */

/* Begin PBXFrameworksBuildPhase section */
		D7C760B91E6E8CF80099421C /* Frameworks */ = {
			isa = PBXFrameworksBuildPhase;
			buildActionMask = 2147483647;
			files = (
			);
			runOnlyForDeploymentPostprocessing = 0;
		};
/* End PBXFrameworksBuildPhase section */

/* Begin PBXGroup section */
		D7C760B31E6E8CF80099421C = {
			isa = PBXGroup;
			children = (
				D7C760BE1E6E8CF80099421C /* SchoolCollection */,
				D7C760BD1E6E8CF80099421C /* Products */,
			);
			sourceTree = "<group>";
		};
		D7C760BD1E6E8CF80099421C /* Products */ = {
			isa = PBXGroup;
			children = (
				D7C760BC1E6E8CF80099421C /* SchoolCollection.app */,
			);
			name = Products;
			sourceTree = "<group>";
		};
		D7C760BE1E6E8CF80099421C /* SchoolCollection */ = {
			isa = PBXGroup;
			children = (
				D7C760C21E6E8CF80099421C /* AppDelegate.h */,
				D7C760C31E6E8CF80099421C /* AppDelegate.m */,
				D7C760C51E6E8CF80099421C /* ViewController.h */,
				D7C760C61E6E8CF80099421C /* ViewController.m */,
				D7C760C81E6E8CF80099421C /* Main.storyboard */,
				D7C760CB1E6E8CF80099421C /* Assets.xcassets */,
				D7C760CD1E6E8CF80099421C /* LaunchScreen.storyboard */,
				D7C760D01E6E8CF80099421C /* Info.plist */,
				D7C760BF1E6E8CF80099421C /* Supporting Files */,
			);
			path = SchoolCollection;
			sourceTree = "<group>";
		};
		D7C760BF1E6E8CF80099421C /* Supporting Files */ = {
			isa = PBXGroup;
			children = (
				D7C760C01E6E8CF80099421C /* main.m */,
			);
			name = "Supporting Files";
			sourceTree = "<group>";
		};
/* End PBXGroup section */

/* Begin PBXNativeTarget section */
		D7C760BB1E6E8CF80099421C /* SchoolCollection */ = {
			isa = PBXNativeTarget;
			buildConfigurationList = D7C760D31E6E8CF80099421C /* Build configuration list for PBXNativeTarget "SchoolCollection" */;
			buildPhases = (
				D7C760B81E6E8CF80099421C /* Sources */,
				D7C760B91E6E8CF80099421C /* Frameworks */,
				D7C760BA1E6E8CF80099421C /* Resources */,
			);
			buildRules = (
			);
			dependencies = (
			);
			name = SchoolCollection;
			productName = SchoolCollection;
			productReference = D7C760BC1E6E8CF80099421C /* SchoolCollection.app */;
			productType = "com.apple.product-type.application";
		};
/* End PBXNativeTarget section */

/* Begin PBXProject section */
		D7C760B41E6E8CF80099421C /* Project object */ = {
			isa = PBXProject;
			attributes = {
				LastUpgradeCheck = 0810;
				ORGANIZATIONNAME = ziweidajiu;
				TargetAttributes = {
					D7C760BB1E6E8CF80099421C = {
						CreatedOnToolsVersion = 8.1;
						DevelopmentTeam = 6D73SDGC92;
						ProvisioningStyle = Automatic;
					};
				};
			};
			buildConfigurationList = D7C760B71E6E8CF80099421C /* Build configuration list for PBXProject "SchoolCollection" */;
			compatibilityVersion = "Xcode 3.2";
			developmentRegion = English;
			hasScannedForEncodings = 0;
			knownRegions = (
				en,
				Base,
			);
			mainGroup = D7C760B31E6E8CF80099421C;
			productRefGroup = D7C760BD1E6E8CF80099421C /* Products */;
			projectDirPath = "";
			projectRoot = "";
			targets = (
				D7C760BB1E6E8CF80099421C /* SchoolCollection */,
			);
		};
/* End PBXProject section */

/* Begin PBXResourcesBuildPhase section */
		D7C760BA1E6E8CF80099421C /* Resources */ = {
			isa = PBXResourcesBuildPhase;
			buildActionMask = 2147483647;
			files = (
				D7C760CF1E6E8CF80099421C /* LaunchScreen.storyboard in Resources */,
				D7C760CC1E6E8CF80099421C /* Assets.xcassets in Resources */,
				D7C760CA1E6E8CF80099421C /* Main.storyboard in Resources */,
			);
			runOnlyForDeploymentPostprocessing = 0;
		};
/* End PBXResourcesBuildPhase section */

/* Begin PBXSourcesBuildPhase section */
		D7C760B81E6E8CF80099421C /* Sources */ = {
			isa = PBXSourcesBuildPhase;
			buildActionMask = 2147483647;
			files = (
				D7C760C71E6E8CF80099421C /* ViewController.m in Sources */,
				D7C760C41E6E8CF80099421C /* AppDelegate.m in Sources */,
				D7C760C11E6E8CF80099421C /* main.m in Sources */,
			);
			runOnlyForDeploymentPostprocessing = 0;
		};
/* End PBXSourcesBuildPhase section */

/* Begin PBXVariantGroup section */
		D7C760C81E6E8CF80099421C /* Main.storyboard */ = {
			isa = PBXVariantGroup;
			children = (
				D7C760C91E6E8CF80099421C /* Base */,
			);
			name = Main.storyboard;
			sourceTree = "<group>";
		};
		D7C760CD1E6E8CF80099421C /* LaunchScreen.storyboard */ = {
			isa = PBXVariantGroup;
			children = (
				D7C760CE1E6E8CF80099421C /* Base */,
			);
			name = LaunchScreen.storyboard;
			sourceTree = "<group>";
		};
/* End PBXVariantGroup section */

/* Begin XCBuildConfiguration section */
		D7C760D11E6E8CF80099421C /* Debug */ = {
			isa = XCBuildConfiguration;
			buildSettings = {
				ALWAYS_SEARCH_USER_PATHS = NO;
				CLANG_ANALYZER_NONNULL = YES;
				CLANG_CXX_LANGUAGE_STANDARD = "gnu++0x";
				CLANG_CXX_LIBRARY = "libc++";
				CLANG_ENABLE_MODULES = YES;
				CLANG_ENABLE_OBJC_ARC = YES;
				CLANG_WARN_BOOL_CONVERSION = YES;
				CLANG_WARN_CONSTANT_CONVERSION = YES;
				CLANG_WARN_DIRECT_OBJC_ISA_USAGE = YES_ERROR;
				CLANG_WARN_DOCUMENTATION_COMMENTS = YES;
				CLANG_WARN_EMPTY_BODY = YES;
				CLANG_WARN_ENUM_CONVERSION = YES;
				CLANG_WARN_INFINITE_RECURSION = YES;
				CLANG_WARN_INT_CONVERSION = YES;
				CLANG_WARN_OBJC_ROOT_CLASS = YES_ERROR;
				CLANG_WARN_SUSPICIOUS_MOVES = YES;
				CLANG_WARN_UNREACHABLE_CODE = YES;
				CLANG_WARN__DUPLICATE_METHOD_MATCH = YES;
				"CODE_SIGN_IDENTITY[sdk=iphoneos*]" = "iPhone Developer";
				COPY_PHASE_STRIP = NO;
				DEBUG_INFORMATION_FORMAT = dwarf;
				ENABLE_STRICT_OBJC_MSGSEND = YES;
				ENABLE_TESTABILITY = YES;
				GCC_C_LANGUAGE_STANDARD = gnu99;
				GCC_DYNAMIC_NO_PIC = NO;
				GCC_NO_COMMON_BLOCKS = YES;
				GCC_OPTIMIZATION_LEVEL = 0;
				GCC_PREPROCESSOR_DEFINITIONS = (
					"DEBUG=1",
					"$(inherited)",
				);
				GCC_WARN_64_TO_32_BIT_CONVERSION = YES;
				GCC_WARN_ABOUT_RETURN_TYPE = YES_ERROR;
				GCC_WARN_UNDECLARED_SELECTOR = YES;
				GCC_WARN_UNINITIALIZED_AUTOS = YES_AGGRESSIVE;
				GCC_WARN_UNUSED_FUNCTION = YES;
				GCC_WARN_UNUSED_VARIABLE = YES;
				IPHONEOS_DEPLOYMENT_TARGET = 10.1;
				MTL_ENABLE_DEBUG_INFO = YES;
				ONLY_ACTIVE_ARCH = YES;
				SDKROOT = iphoneos;
			};
			name = Debug;
		};
		D7C760D21E6E8CF80099421C /* Release */ = {
			isa = XCBuildConfiguration;
			buildSettings = {
				ALWAYS_SEARCH_USER_PATHS = NO;
				CLANG_ANALYZER_NONNULL = YES;
				CLANG_CXX_LANGUAGE_STANDARD = "gnu++0x";
				CLANG_CXX_LIBRARY = "libc++";
				CLANG_ENABLE_MODULES = YES;
				CLANG_ENABLE_OBJC_ARC = YES;
				CLANG_WARN_BOOL_CONVERSION = YES;
				CLANG_WARN_CONSTANT_CONVERSION = YES;
				CLANG_WARN_DIRECT_OBJC_ISA_USAGE = YES_ERROR;
				CLANG_WARN_DOCUMENTATION_COMMENTS = YES;
				CLANG_WARN_EMPTY_BODY = YES;
				CLANG_WARN_ENUM_CONVERSION = YES;
				CLANG_WARN_INFINITE_RECURSION = YES;
				CLANG_WARN_INT_CONVERSION = YES;
				CLANG_WARN_OBJC_ROOT_CLASS = YES_ERROR;
				CLANG_WARN_SUSPICIOUS_MOVES = YES;
				CLANG_WARN_UNREACHABLE_CODE = YES;
				CLANG_WARN__DUPLICATE_METHOD_MATCH = YES;
				"CODE_SIGN_IDENTITY[sdk=iphoneos*]" = "iPhone Developer";
				COPY_PHASE_STRIP = NO;
				DEBUG_INFORMATION_FORMAT = "dwarf-with-dsym";
				ENABLE_NS_ASSERTIONS = NO;
				ENABLE_STRICT_OBJC_MSGSEND = YES;
				GCC_C_LANGUAGE_STANDARD = gnu99;
				GCC_NO_COMMON_BLOCKS = YES;
				GCC_WARN_64_TO_32_BIT_CONVERSION = YES;
				GCC_WARN_ABOUT_RETURN_TYPE = YES_ERROR;
				GCC_WARN_UNDECLARED_SELECTOR = YES;
				GCC_WARN_UNINITIALIZED_AUTOS = YES_AGGRESSIVE;
				GCC_WARN_UNUSED_FUNCTION = YES;
				GCC_WARN_UNUSED_VARIABLE = YES;
				IPHONEOS_DEPLOYMENT_TARGET = 10.1;
				MTL_ENABLE_DEBUG_INFO = NO;
				SDKROOT = iphoneos;
				VALIDATE_PRODUCT = YES;
			};
			name = Release;
		};
		D7C760D41E6E8CF80099421C /* Debug */ = {
			isa = XCBuildConfiguration;
			buildSettings = {
				ASSETCATALOG_COMPILER_APPICON_NAME = AppIcon;
				DEVELOPMENT_TEAM = 6D73SDGC92;
				INFOPLIST_FILE = SchoolCollection/Info.plist;
				LD_RUNPATH_SEARCH_PATHS = "$(inherited) @executable_path/Frameworks";
				PRODUCT_BUNDLE_IDENTIFIER = com.pthink.SchoolCollection;
				PRODUCT_NAME = "$(TARGET_NAME)";
			};
			name = Debug;
		};
		D7C760D51E6E8CF80099421C /* Release */ = {
			isa = XCBuildConfiguration;
			buildSettings = {
				ASSETCATALOG_COMPILER_APPICON_NAME = AppIcon;
				DEVELOPMENT_TEAM = 6D73SDGC92;
				INFOPLIST_FILE = SchoolCollection/Info.plist;
				LD_RUNPATH_SEARCH_PATHS = "$(inherited) @executable_path/Frameworks";
				PRODUCT_BUNDLE_IDENTIFIER = com.pthink.SchoolCollection;
				PRODUCT_NAME = "$(TARGET_NAME)";
			};
			name = Release;
		};
/* End XCBuildConfiguration section */

/* Begin XCConfigurationList section */
		D7C760B71E6E8CF80099421C /* Build configuration list for PBXProject "SchoolCollection" */ = {
			isa = XCConfigurationList;
			buildConfigurations = (
				D7C760D11E6E8CF80099421C /* Debug */,
				D7C760D21E6E8CF80099421C /* Release */,
			);
			defaultConfigurationIsVisible = 0;
			defaultConfigurationName = Release;
		};
		D7C760D31E6E8CF80099421C /* Build configuration list for PBXNativeTarget "SchoolCollection" */ = {
			isa = XCConfigurationList;
			buildConfigurations = (
				D7C760D41E6E8CF80099421C /* Debug */,
				D7C760D51E6E8CF80099421C /* Release */,
			);
			defaultConfigurationIsVisible = 0;
		};
/* End XCConfigurationList section */
	};
	rootObject = D7C760B41E6E8CF80099421C /* Project object */;
}
